// !$*UTF8*$!
{
	archiveVersion = 1;
	classes = {
	};
	objectVersion = 45;
	objects = {

/* Begin PBXBuildFile section */
		8DD76F9C0486AA7600D96B5E /* Foundation.framework in Frameworks */ = {isa = PBXBuildFile; fileRef = 08FB779EFE84155DC02AAC07 /* Foundation.framework */; };
		CD3A2463132F84C600BB7D1E /* ClassGenerator.m in Sources */ = {isa = PBXBuildFile; fileRef = CD3A2448132F84C600BB7D1E /* ClassGenerator.m */; };
		CD3A2464132F84C600BB7D1E /* ClassProperty.m in Sources */ = {isa = PBXBuildFile; fileRef = CD3A244A132F84C600BB7D1E /* ClassProperty.m */; };
		CD3A2465132F84C600BB7D1E /* ImageProperty.m in Sources */ = {isa = PBXBuildFile; fileRef = CD3A244C132F84C600BB7D1E /* ImageProperty.m */; };
		CD3A2466132F84C600BB7D1E /* ImagesProperty.m in Sources */ = {isa = PBXBuildFile; fileRef = CD3A244E132F84C600BB7D1E /* ImagesProperty.m */; };
		CD3A2467132F84C600BB7D1E /* NSCharacterSet+rgen.m in Sources */ = {isa = PBXBuildFile; fileRef = CD3A2450132F84C600BB7D1E /* NSCharacterSet+rgen.m */; };
		CD3A2468132F84C600BB7D1E /* NSString+rgen.m in Sources */ = {isa = PBXBuildFile; fileRef = CD3A2452132F84C600BB7D1E /* NSString+rgen.m */; };
		CD3A2469132F84C600BB7D1E /* PathProperty.m in Sources */ = {isa = PBXBuildFile; fileRef = CD3A2454132F84C600BB7D1E /* PathProperty.m */; };
		CD3A246A132F84C600BB7D1E /* PathsProperty.m in Sources */ = {isa = PBXBuildFile; fileRef = CD3A2456132F84C600BB7D1E /* PathsProperty.m */; };
		CD3A246B132F84C600BB7D1E /* PBXFile.m in Sources */ = {isa = PBXBuildFile; fileRef = CD3A2458132F84C600BB7D1E /* PBXFile.m */; };
		CD3A246C132F84C600BB7D1E /* Property.m in Sources */ = {isa = PBXBuildFile; fileRef = CD3A245A132F84C600BB7D1E /* Property.m */; };
		CD3A246D132F84C600BB7D1E /* ResourcesGenerator.m in Sources */ = {isa = PBXBuildFile; fileRef = CD3A245C132F84C600BB7D1E /* ResourcesGenerator.m */; };
		CD3A246E132F84C600BB7D1E /* rgen.m in Sources */ = {isa = PBXBuildFile; fileRef = CD3A245E132F84C600BB7D1E /* rgen.m */; };
		CD3A246F132F84C600BB7D1E /* StringKeysProperty.m in Sources */ = {isa = PBXBuildFile; fileRef = CD3A2460132F84C600BB7D1E /* StringKeysProperty.m */; };
		CD3A2470132F84C600BB7D1E /* XcodeProj.m in Sources */ = {isa = PBXBuildFile; fileRef = CD3A2462132F84C600BB7D1E /* XcodeProj.m */; };
/* End PBXBuildFile section */

/* Begin PBXCopyFilesBuildPhase section */
		8DD76F9E0486AA7600D96B5E /* CopyFiles */ = {
			isa = PBXCopyFilesBuildPhase;
			buildActionMask = 8;
			dstPath = /usr/share/man/man1/;
			dstSubfolderSpec = 0;
			files = (
			);
			runOnlyForDeploymentPostprocessing = 1;
		};
/* End PBXCopyFilesBuildPhase section */

/* Begin PBXFileReference section */
		08FB779EFE84155DC02AAC07 /* Foundation.framework */ = {isa = PBXFileReference; lastKnownFileType = wrapper.framework; name = Foundation.framework; path = /System/Library/Frameworks/Foundation.framework; sourceTree = "<absolute>"; };
		8DD76FA10486AA7600D96B5E /* rgen */ = {isa = PBXFileReference; explicitFileType = "compiled.mach-o.executable"; includeInIndex = 0; path = rgen; sourceTree = BUILT_PRODUCTS_DIR; };
		CD3A2447132F84C600BB7D1E /* ClassGenerator.h */ = {isa = PBXFileReference; fileEncoding = 4; lastKnownFileType = sourcecode.c.h; path = ClassGenerator.h; sourceTree = "<group>"; };
		CD3A2448132F84C600BB7D1E /* ClassGenerator.m */ = {isa = PBXFileReference; fileEncoding = 4; lastKnownFileType = sourcecode.c.objc; path = ClassGenerator.m; sourceTree = "<group>"; };
		CD3A2449132F84C600BB7D1E /* ClassProperty.h */ = {isa = PBXFileReference; fileEncoding = 4; lastKnownFileType = sourcecode.c.h; path = ClassProperty.h; sourceTree = "<group>"; };
		CD3A244A132F84C600BB7D1E /* ClassProperty.m */ = {isa = PBXFileReference; fileEncoding = 4; lastKnownFileType = sourcecode.c.objc; path = ClassProperty.m; sourceTree = "<group>"; };
		CD3A244B132F84C600BB7D1E /* ImageProperty.h */ = {isa = PBXFileReference; fileEncoding = 4; lastKnownFileType = sourcecode.c.h; path = ImageProperty.h; sourceTree = "<group>"; };
		CD3A244C132F84C600BB7D1E /* ImageProperty.m */ = {isa = PBXFileReference; fileEncoding = 4; lastKnownFileType = sourcecode.c.objc; path = ImageProperty.m; sourceTree = "<group>"; };
		CD3A244D132F84C600BB7D1E /* ImagesProperty.h */ = {isa = PBXFileReference; fileEncoding = 4; lastKnownFileType = sourcecode.c.h; path = ImagesProperty.h; sourceTree = "<group>"; };
		CD3A244E132F84C600BB7D1E /* ImagesProperty.m */ = {isa = PBXFileReference; fileEncoding = 4; lastKnownFileType = sourcecode.c.objc; path = ImagesProperty.m; sourceTree = "<group>"; };
		CD3A244F132F84C600BB7D1E /* NSCharacterSet+rgen.h */ = {isa = PBXFileReference; fileEncoding = 4; lastKnownFileType = sourcecode.c.h; path = "NSCharacterSet+rgen.h"; sourceTree = "<group>"; };
		CD3A2450132F84C600BB7D1E /* NSCharacterSet+rgen.m */ = {isa = PBXFileReference; fileEncoding = 4; lastKnownFileType = sourcecode.c.objc; path = "NSCharacterSet+rgen.m"; sourceTree = "<group>"; };
		CD3A2451132F84C600BB7D1E /* NSString+rgen.h */ = {isa = PBXFileReference; fileEncoding = 4; lastKnownFileType = sourcecode.c.h; path = "NSString+rgen.h"; sourceTree = "<group>"; };
		CD3A2452132F84C600BB7D1E /* NSString+rgen.m */ = {isa = PBXFileReference; fileEncoding = 4; lastKnownFileType = sourcecode.c.objc; path = "NSString+rgen.m"; sourceTree = "<group>"; };
		CD3A2453132F84C600BB7D1E /* PathProperty.h */ = {isa = PBXFileReference; fileEncoding = 4; lastKnownFileType = sourcecode.c.h; path = PathProperty.h; sourceTree = "<group>"; };
		CD3A2454132F84C600BB7D1E /* PathProperty.m */ = {isa = PBXFileReference; fileEncoding = 4; lastKnownFileType = sourcecode.c.objc; path = PathProperty.m; sourceTree = "<group>"; };
		CD3A2455132F84C600BB7D1E /* PathsProperty.h */ = {isa = PBXFileReference; fileEncoding = 4; lastKnownFileType = sourcecode.c.h; path = PathsProperty.h; sourceTree = "<group>"; };
		CD3A2456132F84C600BB7D1E /* PathsProperty.m */ = {isa = PBXFileReference; fileEncoding = 4; lastKnownFileType = sourcecode.c.objc; path = PathsProperty.m; sourceTree = "<group>"; };
		CD3A2457132F84C600BB7D1E /* PBXFile.h */ = {isa = PBXFileReference; fileEncoding = 4; lastKnownFileType = sourcecode.c.h; path = PBXFile.h; sourceTree = "<group>"; };
		CD3A2458132F84C600BB7D1E /* PBXFile.m */ = {isa = PBXFileReference; fileEncoding = 4; lastKnownFileType = sourcecode.c.objc; path = PBXFile.m; sourceTree = "<group>"; };
		CD3A2459132F84C600BB7D1E /* Property.h */ = {isa = PBXFileReference; fileEncoding = 4; lastKnownFileType = sourcecode.c.h; path = Property.h; sourceTree = "<group>"; };
		CD3A245A132F84C600BB7D1E /* Property.m */ = {isa = PBXFileReference; fileEncoding = 4; lastKnownFileType = sourcecode.c.objc; path = Property.m; sourceTree = "<group>"; };
		CD3A245B132F84C600BB7D1E /* ResourcesGenerator.h */ = {isa = PBXFileReference; fileEncoding = 4; lastKnownFileType = sourcecode.c.h; path = ResourcesGenerator.h; sourceTree = "<group>"; };
		CD3A245C132F84C600BB7D1E /* ResourcesGenerator.m */ = {isa = PBXFileReference; fileEncoding = 4; lastKnownFileType = sourcecode.c.objc; path = ResourcesGenerator.m; sourceTree = "<group>"; };
		CD3A245D132F84C600BB7D1E /* rgen.h */ = {isa = PBXFileReference; fileEncoding = 4; lastKnownFileType = sourcecode.c.h; path = rgen.h; sourceTree = "<group>"; };
		CD3A245E132F84C600BB7D1E /* rgen.m */ = {isa = PBXFileReference; fileEncoding = 4; lastKnownFileType = sourcecode.c.objc; path = rgen.m; sourceTree = "<group>"; };
		CD3A245F132F84C600BB7D1E /* StringKeysProperty.h */ = {isa = PBXFileReference; fileEncoding = 4; lastKnownFileType = sourcecode.c.h; path = StringKeysProperty.h; sourceTree = "<group>"; };
		CD3A2460132F84C600BB7D1E /* StringKeysProperty.m */ = {isa = PBXFileReference; fileEncoding = 4; lastKnownFileType = sourcecode.c.objc; path = StringKeysProperty.m; sourceTree = "<group>"; };
		CD3A2461132F84C600BB7D1E /* XcodeProj.h */ = {isa = PBXFileReference; fileEncoding = 4; lastKnownFileType = sourcecode.c.h; path = XcodeProj.h; sourceTree = "<group>"; };
		CD3A2462132F84C600BB7D1E /* XcodeProj.m */ = {isa = PBXFileReference; fileEncoding = 4; lastKnownFileType = sourcecode.c.objc; path = XcodeProj.m; sourceTree = "<group>"; };
/* End PBXFileReference section */

/* Begin PBXFrameworksBuildPhase section */
		8DD76F9B0486AA7600D96B5E /* Frameworks */ = {
			isa = PBXFrameworksBuildPhase;
			buildActionMask = 2147483647;
			files = (
				8DD76F9C0486AA7600D96B5E /* Foundation.framework in Frameworks */,
			);
			runOnlyForDeploymentPostprocessing = 0;
		};
/* End PBXFrameworksBuildPhase section */

/* Begin PBXGroup section */
		08FB7794FE84155DC02AAC07 /* rgen */ = {
			isa = PBXGroup;
			children = (
				CD3A2446132F84C600BB7D1E /* rgen */,
				C6859EA2029092E104C91782 /* Documentation */,
				08FB779DFE84155DC02AAC07 /* External Frameworks and Libraries */,
				1AB674ADFE9D54B511CA2CBB /* Products */,
			);
			name = rgen;
			sourceTree = "<group>";
		};
		08FB779DFE84155DC02AAC07 /* External Frameworks and Libraries */ = {
			isa = PBXGroup;
			children = (
				08FB779EFE84155DC02AAC07 /* Foundation.framework */,
			);
			name = "External Frameworks and Libraries";
			sourceTree = "<group>";
		};
		1AB674ADFE9D54B511CA2CBB /* Products */ = {
			isa = PBXGroup;
			children = (
				8DD76FA10486AA7600D96B5E /* rgen */,
			);
			name = Products;
			sourceTree = "<group>";
		};
		C6859EA2029092E104C91782 /* Documentation */ = {
			isa = PBXGroup;
			children = (
			);
			name = Documentation;
			sourceTree = "<group>";
		};
		CD3A2446132F84C600BB7D1E /* rgen */ = {
			isa = PBXGroup;
			children = (
				CD3A245D132F84C600BB7D1E /* rgen.h */,
				CD3A245E132F84C600BB7D1E /* rgen.m */,
				CD3A245B132F84C600BB7D1E /* ResourcesGenerator.h */,
				CD3A245C132F84C600BB7D1E /* ResourcesGenerator.m */,
				CD3A2449132F84C600BB7D1E /* ClassProperty.h */,
				CD3A244A132F84C600BB7D1E /* ClassProperty.m */,
				CD3A244B132F84C600BB7D1E /* ImageProperty.h */,
				CD3A244C132F84C600BB7D1E /* ImageProperty.m */,
				CD3A244D132F84C600BB7D1E /* ImagesProperty.h */,
				CD3A244E132F84C600BB7D1E /* ImagesProperty.m */,
				CD3A2453132F84C600BB7D1E /* PathProperty.h */,
				CD3A2454132F84C600BB7D1E /* PathProperty.m */,
				CD3A2455132F84C600BB7D1E /* PathsProperty.h */,
				CD3A2456132F84C600BB7D1E /* PathsProperty.m */,
				CD3A2459132F84C600BB7D1E /* Property.h */,
				CD3A245A132F84C600BB7D1E /* Property.m */,
				CD3A245F132F84C600BB7D1E /* StringKeysProperty.h */,
				CD3A2460132F84C600BB7D1E /* StringKeysProperty.m */,
				CD3A2447132F84C600BB7D1E /* ClassGenerator.h */,
				CD3A2448132F84C600BB7D1E /* ClassGenerator.m */,
				CD3A2451132F84C600BB7D1E /* NSString+rgen.h */,
				CD3A2452132F84C600BB7D1E /* NSString+rgen.m */,
				CD3A244F132F84C600BB7D1E /* NSCharacterSet+rgen.h */,
				CD3A2450132F84C600BB7D1E /* NSCharacterSet+rgen.m */,
				CD3A2457132F84C600BB7D1E /* PBXFile.h */,
				CD3A2458132F84C600BB7D1E /* PBXFile.m */,
				CD3A2461132F84C600BB7D1E /* XcodeProj.h */,
				CD3A2462132F84C600BB7D1E /* XcodeProj.m */,
			);
			path = rgen;
			sourceTree = "<group>";
		};
/* End PBXGroup section */

/* Begin PBXNativeTarget section */
		8DD76F960486AA7600D96B5E /* rgen */ = {
			isa = PBXNativeTarget;
			buildConfigurationList = 1DEB927408733DD40010E9CD /* Build configuration list for PBXNativeTarget "rgen" */;
			buildPhases = (
				8DD76F990486AA7600D96B5E /* Sources */,
				8DD76F9B0486AA7600D96B5E /* Frameworks */,
				8DD76F9E0486AA7600D96B5E /* CopyFiles */,
			);
			buildRules = (
			);
			dependencies = (
			);
			name = rgen;
			productInstallPath = "$(HOME)/bin";
			productName = rgen;
			productReference = 8DD76FA10486AA7600D96B5E /* rgen */;
			productType = "com.apple.product-type.tool";
		};
/* End PBXNativeTarget section */

/* Begin PBXProject section */
		08FB7793FE84155DC02AAC07 /* Project object */ = {
			isa = PBXProject;
			buildConfigurationList = 1DEB927808733DD40010E9CD /* Build configuration list for PBXProject "rgen" */;
			compatibilityVersion = "Xcode 3.1";
			developmentRegion = English;
			hasScannedForEncodings = 1;
			knownRegions = (
				English,
				Japanese,
				French,
				German,
			);
			mainGroup = 08FB7794FE84155DC02AAC07 /* rgen */;
			projectDirPath = "";
			projectRoot = "";
			targets = (
				8DD76F960486AA7600D96B5E /* rgen */,
			);
		};
/* End PBXProject section */

/* Begin PBXSourcesBuildPhase section */
		8DD76F990486AA7600D96B5E /* Sources */ = {
			isa = PBXSourcesBuildPhase;
			buildActionMask = 2147483647;
			files = (
				CD3A2463132F84C600BB7D1E /* ClassGenerator.m in Sources */,
				CD3A2464132F84C600BB7D1E /* ClassProperty.m in Sources */,
				CD3A2465132F84C600BB7D1E /* ImageProperty.m in Sources */,
				CD3A2466132F84C600BB7D1E /* ImagesProperty.m in Sources */,
				CD3A2467132F84C600BB7D1E /* NSCharacterSet+rgen.m in Sources */,
				CD3A2468132F84C600BB7D1E /* NSString+rgen.m in Sources */,
				CD3A2469132F84C600BB7D1E /* PathProperty.m in Sources */,
				CD3A246A132F84C600BB7D1E /* PathsProperty.m in Sources */,
				CD3A246B132F84C600BB7D1E /* PBXFile.m in Sources */,
				CD3A246C132F84C600BB7D1E /* Property.m in Sources */,
				CD3A246D132F84C600BB7D1E /* ResourcesGenerator.m in Sources */,
				CD3A246E132F84C600BB7D1E /* rgen.m in Sources */,
				CD3A246F132F84C600BB7D1E /* StringKeysProperty.m in Sources */,
				CD3A2470132F84C600BB7D1E /* XcodeProj.m in Sources */,
			);
			runOnlyForDeploymentPostprocessing = 0;
		};
/* End PBXSourcesBuildPhase section */

/* Begin XCBuildConfiguration section */
		1DEB927508733DD40010E9CD /* Debug */ = {
			isa = XCBuildConfiguration;
			buildSettings = {
				ALWAYS_SEARCH_USER_PATHS = NO;
				COPY_PHASE_STRIP = NO;
				GCC_DYNAMIC_NO_PIC = NO;
				GCC_ENABLE_FIX_AND_CONTINUE = YES;
				GCC_MODEL_TUNING = G5;
				GCC_OPTIMIZATION_LEVEL = 0;
				GCC_PRECOMPILE_PREFIX_HEADER = YES;
				INSTALL_PATH = /usr/local/bin;
				PRODUCT_NAME = rgen;
				SDKROOT = macosx10.6;
				VALID_ARCHS = i386;
			};
			name = Debug;
		};
		1DEB927608733DD40010E9CD /* Release */ = {
			isa = XCBuildConfiguration;
			buildSettings = {
				ALWAYS_SEARCH_USER_PATHS = NO;
				DEBUG_INFORMATION_FORMAT = "dwarf-with-dsym";
				GCC_MODEL_TUNING = G5;
				GCC_PRECOMPILE_PREFIX_HEADER = YES;
				INSTALL_PATH = /usr/local/bin;
				PRODUCT_NAME = rgen;
				SDKROOT = macosx10.6;
				VALID_ARCHS = i386;
			};
			name = Release;
		};
		1DEB927908733DD40010E9CD /* Debug */ = {
			isa = XCBuildConfiguration;
			buildSettings = {
				ARCHS = "$(ARCHS_STANDARD_32_64_BIT)";
				GCC_C_LANGUAGE_STANDARD = gnu99;
				GCC_OPTIMIZATION_LEVEL = 0;
				GCC_WARN_ABOUT_RETURN_TYPE = YES;
				GCC_WARN_UNUSED_VARIABLE = YES;
				ONLY_ACTIVE_ARCH = YES;
				PREBINDING = NO;
				SDKROOT = macosx10.6;
			};
			name = Debug;
		};
		1DEB927A08733DD40010E9CD /* Release */ = {
			isa = XCBuildConfiguration;
			buildSettings = {
				ARCHS = "$(ARCHS_STANDARD_32_64_BIT)";
				GCC_C_LANGUAGE_STANDARD = gnu99;
				GCC_WARN_ABOUT_RETURN_TYPE = YES;
				GCC_WARN_UNUSED_VARIABLE = YES;
				PREBINDING = NO;
				SDKROOT = macosx10.6;
			};
			name = Release;
		};
/* End XCBuildConfiguration section */

/* Begin XCConfigurationList section */
		1DEB927408733DD40010E9CD /* Build configuration list for PBXNativeTarget "rgen" */ = {
			isa = XCConfigurationList;
			buildConfigurations = (
				1DEB927508733DD40010E9CD /* Debug */,
				1DEB927608733DD40010E9CD /* Release */,
			);
			defaultConfigurationIsVisible = 0;
			defaultConfigurationName = Release;
		};
		1DEB927808733DD40010E9CD /* Build configuration list for PBXProject "rgen" */ = {
			isa = XCConfigurationList;
			buildConfigurations = (
				1DEB927908733DD40010E9CD /* Debug */,
				1DEB927A08733DD40010E9CD /* Release */,
			);
			defaultConfigurationIsVisible = 0;
			defaultConfigurationName = Release;
		};
/* End XCConfigurationList section */
	};
	rootObject = 08FB7793FE84155DC02AAC07 /* Project object */;
}
