// !$*UTF8*$!
{
	archiveVersion = 1;
	classes = {
	};
	objectVersion = 45;
	objects = {

/* Begin PBXBuildFile section */
		8DD76F9A0486AA7600D96B5E /* rgen.m in Sources */ = {isa = PBXBuildFile; fileRef = 08FB7796FE84155DC02AAC07 /* rgen.m */; settings = {ATTRIBUTES = (); }; };
		8DD76F9C0486AA7600D96B5E /* Foundation.framework in Frameworks */ = {isa = PBXBuildFile; fileRef = 08FB779EFE84155DC02AAC07 /* Foundation.framework */; };
		CDF2D579130D93D20037E85E /* PBXProj.m in Sources */ = {isa = PBXBuildFile; fileRef = CDF2D578130D93D20037E85E /* PBXProj.m */; };
		CDF2D594130D950C0037E85E /* ResourcesGenerator.m in Sources */ = {isa = PBXBuildFile; fileRef = CDF2D593130D950C0037E85E /* ResourcesGenerator.m */; };
		CDF2DDF91317FE910037E85E /* ClassGenerator.m in Sources */ = {isa = PBXBuildFile; fileRef = CDF2DDF81317FE910037E85E /* ClassGenerator.m */; };
		CDF2E10A131964E40037E85E /* NSString+rgen.m in Sources */ = {isa = PBXBuildFile; fileRef = CDF2E109131964E40037E85E /* NSString+rgen.m */; };
		CDF2E565131A95A30037E85E /* NSCharacterSet+rgen.m in Sources */ = {isa = PBXBuildFile; fileRef = CDF2E564131A95A30037E85E /* NSCharacterSet+rgen.m */; };
		CDF2E5B0131AC3970037E85E /* Property.m in Sources */ = {isa = PBXBuildFile; fileRef = CDF2E5AF131AC3970037E85E /* Property.m */; };
		CDF2E5B3131AC3D50037E85E /* ImageProperty.m in Sources */ = {isa = PBXBuildFile; fileRef = CDF2E5B2131AC3D50037E85E /* ImageProperty.m */; };
		CDF2E5B6131AC41E0037E85E /* ClassProperty.m in Sources */ = {isa = PBXBuildFile; fileRef = CDF2E5B5131AC41E0037E85E /* ClassProperty.m */; };
		CDF2E5B9131AC4610037E85E /* ResourcesProperty.m in Sources */ = {isa = PBXBuildFile; fileRef = CDF2E5B8131AC4610037E85E /* ResourcesProperty.m */; };
/* End PBXBuildFile section */

/* Begin PBXCopyFilesBuildPhase section */
		8DD76F9E0486AA7600D96B5E /* CopyFiles */ = {
			isa = PBXCopyFilesBuildPhase;
			buildActionMask = 8;
			dstPath = /usr/share/man/man1/;
			dstSubfolderSpec = 0;
			files = (
			);
			runOnlyForDeploymentPostprocessing = 1;
		};
/* End PBXCopyFilesBuildPhase section */

/* Begin PBXFileReference section */
		08FB7796FE84155DC02AAC07 /* rgen.m */ = {isa = PBXFileReference; fileEncoding = 4; lastKnownFileType = sourcecode.c.objc; path = rgen.m; sourceTree = "<group>"; };
		08FB779EFE84155DC02AAC07 /* Foundation.framework */ = {isa = PBXFileReference; lastKnownFileType = wrapper.framework; name = Foundation.framework; path = /System/Library/Frameworks/Foundation.framework; sourceTree = "<absolute>"; };
		8DD76FA10486AA7600D96B5E /* rgen */ = {isa = PBXFileReference; explicitFileType = "compiled.mach-o.executable"; includeInIndex = 0; path = rgen; sourceTree = BUILT_PRODUCTS_DIR; };
		CDF2D577130D93D20037E85E /* PBXProj.h */ = {isa = PBXFileReference; fileEncoding = 4; lastKnownFileType = sourcecode.c.h; path = PBXProj.h; sourceTree = "<group>"; };
		CDF2D578130D93D20037E85E /* PBXProj.m */ = {isa = PBXFileReference; fileEncoding = 4; lastKnownFileType = sourcecode.c.objc; path = PBXProj.m; sourceTree = "<group>"; };
		CDF2D592130D950C0037E85E /* ResourcesGenerator.h */ = {isa = PBXFileReference; fileEncoding = 4; lastKnownFileType = sourcecode.c.h; path = ResourcesGenerator.h; sourceTree = "<group>"; };
		CDF2D593130D950C0037E85E /* ResourcesGenerator.m */ = {isa = PBXFileReference; fileEncoding = 4; lastKnownFileType = sourcecode.c.objc; path = ResourcesGenerator.m; sourceTree = "<group>"; };
		CDF2DDF71317FE910037E85E /* ClassGenerator.h */ = {isa = PBXFileReference; fileEncoding = 4; lastKnownFileType = sourcecode.c.h; path = ClassGenerator.h; sourceTree = "<group>"; };
		CDF2DDF81317FE910037E85E /* ClassGenerator.m */ = {isa = PBXFileReference; fileEncoding = 4; lastKnownFileType = sourcecode.c.objc; path = ClassGenerator.m; sourceTree = "<group>"; };
		CDF2E108131964E40037E85E /* NSString+rgen.h */ = {isa = PBXFileReference; fileEncoding = 4; lastKnownFileType = sourcecode.c.h; path = "NSString+rgen.h"; sourceTree = "<group>"; };
		CDF2E109131964E40037E85E /* NSString+rgen.m */ = {isa = PBXFileReference; fileEncoding = 4; lastKnownFileType = sourcecode.c.objc; path = "NSString+rgen.m"; sourceTree = "<group>"; };
		CDF2E563131A95A30037E85E /* NSCharacterSet+rgen.h */ = {isa = PBXFileReference; fileEncoding = 4; lastKnownFileType = sourcecode.c.h; path = "NSCharacterSet+rgen.h"; sourceTree = "<group>"; };
		CDF2E564131A95A30037E85E /* NSCharacterSet+rgen.m */ = {isa = PBXFileReference; fileEncoding = 4; lastKnownFileType = sourcecode.c.objc; path = "NSCharacterSet+rgen.m"; sourceTree = "<group>"; };
		CDF2E5AE131AC3970037E85E /* Property.h */ = {isa = PBXFileReference; fileEncoding = 4; lastKnownFileType = sourcecode.c.h; path = Property.h; sourceTree = "<group>"; };
		CDF2E5AF131AC3970037E85E /* Property.m */ = {isa = PBXFileReference; fileEncoding = 4; lastKnownFileType = sourcecode.c.objc; path = Property.m; sourceTree = "<group>"; };
		CDF2E5B1131AC3D50037E85E /* ImageProperty.h */ = {isa = PBXFileReference; fileEncoding = 4; lastKnownFileType = sourcecode.c.h; path = ImageProperty.h; sourceTree = "<group>"; };
		CDF2E5B2131AC3D50037E85E /* ImageProperty.m */ = {isa = PBXFileReference; fileEncoding = 4; lastKnownFileType = sourcecode.c.objc; path = ImageProperty.m; sourceTree = "<group>"; };
		CDF2E5B4131AC41E0037E85E /* ClassProperty.h */ = {isa = PBXFileReference; fileEncoding = 4; lastKnownFileType = sourcecode.c.h; path = ClassProperty.h; sourceTree = "<group>"; };
		CDF2E5B5131AC41E0037E85E /* ClassProperty.m */ = {isa = PBXFileReference; fileEncoding = 4; lastKnownFileType = sourcecode.c.objc; path = ClassProperty.m; sourceTree = "<group>"; };
		CDF2E5B7131AC4610037E85E /* ResourcesProperty.h */ = {isa = PBXFileReference; fileEncoding = 4; lastKnownFileType = sourcecode.c.h; path = ResourcesProperty.h; sourceTree = "<group>"; };
		CDF2E5B8131AC4610037E85E /* ResourcesProperty.m */ = {isa = PBXFileReference; fileEncoding = 4; lastKnownFileType = sourcecode.c.objc; path = ResourcesProperty.m; sourceTree = "<group>"; };
/* End PBXFileReference section */

/* Begin PBXFrameworksBuildPhase section */
		8DD76F9B0486AA7600D96B5E /* Frameworks */ = {
			isa = PBXFrameworksBuildPhase;
			buildActionMask = 2147483647;
			files = (
				8DD76F9C0486AA7600D96B5E /* Foundation.framework in Frameworks */,
			);
			runOnlyForDeploymentPostprocessing = 0;
		};
/* End PBXFrameworksBuildPhase section */

/* Begin PBXGroup section */
		08FB7794FE84155DC02AAC07 /* rgen */ = {
			isa = PBXGroup;
			children = (
				08FB7795FE84155DC02AAC07 /* Source */,
				C6859EA2029092E104C91782 /* Documentation */,
				08FB779DFE84155DC02AAC07 /* External Frameworks and Libraries */,
				1AB674ADFE9D54B511CA2CBB /* Products */,
			);
			name = rgen;
			sourceTree = "<group>";
		};
		08FB7795FE84155DC02AAC07 /* Source */ = {
			isa = PBXGroup;
			children = (
				08FB7796FE84155DC02AAC07 /* rgen.m */,
				CDF2D577130D93D20037E85E /* PBXProj.h */,
				CDF2D578130D93D20037E85E /* PBXProj.m */,
				CDF2D592130D950C0037E85E /* ResourcesGenerator.h */,
				CDF2D593130D950C0037E85E /* ResourcesGenerator.m */,
				CDF2E5AE131AC3970037E85E /* Property.h */,
				CDF2E5AF131AC3970037E85E /* Property.m */,
				CDF2E5B1131AC3D50037E85E /* ImageProperty.h */,
				CDF2E5B2131AC3D50037E85E /* ImageProperty.m */,
				CDF2E5B4131AC41E0037E85E /* ClassProperty.h */,
				CDF2E5B5131AC41E0037E85E /* ClassProperty.m */,
				CDF2E5B7131AC4610037E85E /* ResourcesProperty.h */,
				CDF2E5B8131AC4610037E85E /* ResourcesProperty.m */,
				CDF2DDF71317FE910037E85E /* ClassGenerator.h */,
				CDF2DDF81317FE910037E85E /* ClassGenerator.m */,
				CDF2E108131964E40037E85E /* NSString+rgen.h */,
				CDF2E109131964E40037E85E /* NSString+rgen.m */,
				CDF2E563131A95A30037E85E /* NSCharacterSet+rgen.h */,
				CDF2E564131A95A30037E85E /* NSCharacterSet+rgen.m */,
			);
			name = Source;
			sourceTree = "<group>";
		};
		08FB779DFE84155DC02AAC07 /* External Frameworks and Libraries */ = {
			isa = PBXGroup;
			children = (
				08FB779EFE84155DC02AAC07 /* Foundation.framework */,
			);
			name = "External Frameworks and Libraries";
			sourceTree = "<group>";
		};
		1AB674ADFE9D54B511CA2CBB /* Products */ = {
			isa = PBXGroup;
			children = (
				8DD76FA10486AA7600D96B5E /* rgen */,
			);
			name = Products;
			sourceTree = "<group>";
		};
		C6859EA2029092E104C91782 /* Documentation */ = {
			isa = PBXGroup;
			children = (
			);
			name = Documentation;
			sourceTree = "<group>";
		};
/* End PBXGroup section */

/* Begin PBXNativeTarget section */
		8DD76F960486AA7600D96B5E /* rgen */ = {
			isa = PBXNativeTarget;
			buildConfigurationList = 1DEB927408733DD40010E9CD /* Build configuration list for PBXNativeTarget "rgen" */;
			buildPhases = (
				8DD76F990486AA7600D96B5E /* Sources */,
				8DD76F9B0486AA7600D96B5E /* Frameworks */,
				8DD76F9E0486AA7600D96B5E /* CopyFiles */,
			);
			buildRules = (
			);
			dependencies = (
			);
			name = rgen;
			productInstallPath = "$(HOME)/bin";
			productName = rgen;
			productReference = 8DD76FA10486AA7600D96B5E /* rgen */;
			productType = "com.apple.product-type.tool";
		};
/* End PBXNativeTarget section */

/* Begin PBXProject section */
		08FB7793FE84155DC02AAC07 /* Project object */ = {
			isa = PBXProject;
			buildConfigurationList = 1DEB927808733DD40010E9CD /* Build configuration list for PBXProject "rgen" */;
			compatibilityVersion = "Xcode 3.1";
			developmentRegion = English;
			hasScannedForEncodings = 1;
			knownRegions = (
				English,
				Japanese,
				French,
				German,
			);
			mainGroup = 08FB7794FE84155DC02AAC07 /* rgen */;
			projectDirPath = "";
			projectRoot = "";
			targets = (
				8DD76F960486AA7600D96B5E /* rgen */,
			);
		};
/* End PBXProject section */

/* Begin PBXSourcesBuildPhase section */
		8DD76F990486AA7600D96B5E /* Sources */ = {
			isa = PBXSourcesBuildPhase;
			buildActionMask = 2147483647;
			files = (
				8DD76F9A0486AA7600D96B5E /* rgen.m in Sources */,
				CDF2D579130D93D20037E85E /* PBXProj.m in Sources */,
				CDF2D594130D950C0037E85E /* ResourcesGenerator.m in Sources */,
				CDF2DDF91317FE910037E85E /* ClassGenerator.m in Sources */,
				CDF2E10A131964E40037E85E /* NSString+rgen.m in Sources */,
				CDF2E565131A95A30037E85E /* NSCharacterSet+rgen.m in Sources */,
				CDF2E5B0131AC3970037E85E /* Property.m in Sources */,
				CDF2E5B3131AC3D50037E85E /* ImageProperty.m in Sources */,
				CDF2E5B6131AC41E0037E85E /* ClassProperty.m in Sources */,
				CDF2E5B9131AC4610037E85E /* ResourcesProperty.m in Sources */,
			);
			runOnlyForDeploymentPostprocessing = 0;
		};
/* End PBXSourcesBuildPhase section */

/* Begin XCBuildConfiguration section */
		1DEB927508733DD40010E9CD /* Debug */ = {
			isa = XCBuildConfiguration;
			buildSettings = {
				ALWAYS_SEARCH_USER_PATHS = NO;
				COPY_PHASE_STRIP = NO;
				GCC_DYNAMIC_NO_PIC = NO;
				GCC_ENABLE_FIX_AND_CONTINUE = YES;
				GCC_MODEL_TUNING = G5;
				GCC_OPTIMIZATION_LEVEL = 0;
				GCC_PRECOMPILE_PREFIX_HEADER = YES;
				INSTALL_PATH = /usr/local/bin;
				PRODUCT_NAME = rgen;
			};
			name = Debug;
		};
		1DEB927608733DD40010E9CD /* Release */ = {
			isa = XCBuildConfiguration;
			buildSettings = {
				ALWAYS_SEARCH_USER_PATHS = NO;
				DEBUG_INFORMATION_FORMAT = "dwarf-with-dsym";
				GCC_MODEL_TUNING = G5;
				GCC_PRECOMPILE_PREFIX_HEADER = YES;
				INSTALL_PATH = /usr/local/bin;
				PRODUCT_NAME = rgen;
			};
			name = Release;
		};
		1DEB927908733DD40010E9CD /* Debug */ = {
			isa = XCBuildConfiguration;
			buildSettings = {
				ARCHS = "$(ARCHS_STANDARD_32_64_BIT)";
				GCC_C_LANGUAGE_STANDARD = gnu99;
				GCC_OPTIMIZATION_LEVEL = 0;
				GCC_WARN_ABOUT_RETURN_TYPE = YES;
				GCC_WARN_UNUSED_VARIABLE = YES;
				ONLY_ACTIVE_ARCH = YES;
				PREBINDING = NO;
				SDKROOT = macosx10.6;
			};
			name = Debug;
		};
		1DEB927A08733DD40010E9CD /* Release */ = {
			isa = XCBuildConfiguration;
			buildSettings = {
				ARCHS = "$(ARCHS_STANDARD_32_64_BIT)";
				GCC_C_LANGUAGE_STANDARD = gnu99;
				GCC_WARN_ABOUT_RETURN_TYPE = YES;
				GCC_WARN_UNUSED_VARIABLE = YES;
				PREBINDING = NO;
				SDKROOT = macosx10.6;
			};
			name = Release;
		};
/* End XCBuildConfiguration section */

/* Begin XCConfigurationList section */
		1DEB927408733DD40010E9CD /* Build configuration list for PBXNativeTarget "rgen" */ = {
			isa = XCConfigurationList;
			buildConfigurations = (
				1DEB927508733DD40010E9CD /* Debug */,
				1DEB927608733DD40010E9CD /* Release */,
			);
			defaultConfigurationIsVisible = 0;
			defaultConfigurationName = Release;
		};
		1DEB927808733DD40010E9CD /* Build configuration list for PBXProject "rgen" */ = {
			isa = XCConfigurationList;
			buildConfigurations = (
				1DEB927908733DD40010E9CD /* Debug */,
				1DEB927A08733DD40010E9CD /* Release */,
			);
			defaultConfigurationIsVisible = 0;
			defaultConfigurationName = Release;
		};
/* End XCConfigurationList section */
	};
	rootObject = 08FB7793FE84155DC02AAC07 /* Project object */;
}
